// !$*UTF8*$!
{
	archiveVersion = 1;
	classes = {
	};
	objectVersion = 50;
	objects = {

/* Begin PBXBuildFile section */
		4B0D3E002665128600C0305D /* AppDelegate.swift in Sources */ = {isa = PBXBuildFile; fileRef = 4B0D3DFF2665128600C0305D /* AppDelegate.swift */; };
		4B0D3E092665128700C0305D /* Assets.xcassets in Resources */ = {isa = PBXBuildFile; fileRef = 4B0D3E082665128700C0305D /* Assets.xcassets */; };
		4B0D3E0C2665128700C0305D /* LaunchScreen.storyboard in Resources */ = {isa = PBXBuildFile; fileRef = 4B0D3E0A2665128700C0305D /* LaunchScreen.storyboard */; };
		4B0D3E142665134300C0305D /* RootContainerViewController.swift in Sources */ = {isa = PBXBuildFile; fileRef = 4B0D3E132665134300C0305D /* RootContainerViewController.swift */; };
		4B0D3E162665135400C0305D /* Book.swift in Sources */ = {isa = PBXBuildFile; fileRef = 4B0D3E152665135400C0305D /* Book.swift */; };
		C1BD0C20061D73D34A5AEE58 /* Pods_StorybookTemplate.framework in Frameworks */ = {isa = PBXBuildFile; fileRef = BC435F2DC5A3EBFC939649C0 /* Pods_StorybookTemplate.framework */; };
/* End PBXBuildFile section */

/* Begin PBXFileReference section */
		4B0D3DFC2665128600C0305D /* StorybookTemplate.app */ = {isa = PBXFileReference; explicitFileType = wrapper.application; includeInIndex = 0; path = StorybookTemplate.app; sourceTree = BUILT_PRODUCTS_DIR; };
		4B0D3DFF2665128600C0305D /* AppDelegate.swift */ = {isa = PBXFileReference; lastKnownFileType = sourcecode.swift; path = AppDelegate.swift; sourceTree = "<group>"; };
		4B0D3E082665128700C0305D /* Assets.xcassets */ = {isa = PBXFileReference; lastKnownFileType = folder.assetcatalog; path = Assets.xcassets; sourceTree = "<group>"; };
		4B0D3E0B2665128700C0305D /* Base */ = {isa = PBXFileReference; lastKnownFileType = file.storyboard; name = Base; path = Base.lproj/LaunchScreen.storyboard; sourceTree = "<group>"; };
		4B0D3E0D2665128700C0305D /* Info.plist */ = {isa = PBXFileReference; lastKnownFileType = text.plist.xml; path = Info.plist; sourceTree = "<group>"; };
		4B0D3E132665134300C0305D /* RootContainerViewController.swift */ = {isa = PBXFileReference; lastKnownFileType = sourcecode.swift; path = RootContainerViewController.swift; sourceTree = "<group>"; };
		4B0D3E152665135400C0305D /* Book.swift */ = {isa = PBXFileReference; lastKnownFileType = sourcecode.swift; path = Book.swift; sourceTree = "<group>"; };
		BC435F2DC5A3EBFC939649C0 /* Pods_StorybookTemplate.framework */ = {isa = PBXFileReference; explicitFileType = wrapper.framework; includeInIndex = 0; path = Pods_StorybookTemplate.framework; sourceTree = BUILT_PRODUCTS_DIR; };
		C5D634E9E7F81850E59DCA5C /* Pods-StorybookTemplate.release.xcconfig */ = {isa = PBXFileReference; includeInIndex = 1; lastKnownFileType = text.xcconfig; name = "Pods-StorybookTemplate.release.xcconfig"; path = "Target Support Files/Pods-StorybookTemplate/Pods-StorybookTemplate.release.xcconfig"; sourceTree = "<group>"; };
		FBB37B1A3DCDB128F9819485 /* Pods-StorybookTemplate.debug.xcconfig */ = {isa = PBXFileReference; includeInIndex = 1; lastKnownFileType = text.xcconfig; name = "Pods-StorybookTemplate.debug.xcconfig"; path = "Target Support Files/Pods-StorybookTemplate/Pods-StorybookTemplate.debug.xcconfig"; sourceTree = "<group>"; };
/* End PBXFileReference section */

/* Begin PBXFrameworksBuildPhase section */
		4B0D3DF92665128600C0305D /* Frameworks */ = {
			isa = PBXFrameworksBuildPhase;
			buildActionMask = 2147483647;
			files = (
				C1BD0C20061D73D34A5AEE58 /* Pods_StorybookTemplate.framework in Frameworks */,
			);
			runOnlyForDeploymentPostprocessing = 0;
		};
/* End PBXFrameworksBuildPhase section */

/* Begin PBXGroup section */
		4B0D3DF32665128600C0305D = {
			isa = PBXGroup;
			children = (
				4B0D3DFE2665128600C0305D /* StorybookTemplate */,
				4B0D3DFD2665128600C0305D /* Products */,
				86A5A79936A1AEF20BA755EA /* Pods */,
				A9C15616381D0F46CED6CC0D /* Frameworks */,
			);
			sourceTree = "<group>";
		};
		4B0D3DFD2665128600C0305D /* Products */ = {
			isa = PBXGroup;
			children = (
				4B0D3DFC2665128600C0305D /* StorybookTemplate.app */,
			);
			name = Products;
			sourceTree = "<group>";
		};
		4B0D3DFE2665128600C0305D /* StorybookTemplate */ = {
			isa = PBXGroup;
			children = (
				4B0D3DFF2665128600C0305D /* AppDelegate.swift */,
				4B0D3E082665128700C0305D /* Assets.xcassets */,
				4B0D3E0A2665128700C0305D /* LaunchScreen.storyboard */,
				4B0D3E0D2665128700C0305D /* Info.plist */,
				4B0D3E132665134300C0305D /* RootContainerViewController.swift */,
				4B0D3E152665135400C0305D /* Book.swift */,
			);
			path = StorybookTemplate;
			sourceTree = "<group>";
		};
		86A5A79936A1AEF20BA755EA /* Pods */ = {
			isa = PBXGroup;
			children = (
				FBB37B1A3DCDB128F9819485 /* Pods-StorybookTemplate.debug.xcconfig */,
				C5D634E9E7F81850E59DCA5C /* Pods-StorybookTemplate.release.xcconfig */,
			);
			name = Pods;
			path = Pods;
			sourceTree = "<group>";
		};
		A9C15616381D0F46CED6CC0D /* Frameworks */ = {
			isa = PBXGroup;
			children = (
				BC435F2DC5A3EBFC939649C0 /* Pods_StorybookTemplate.framework */,
			);
			name = Frameworks;
			sourceTree = "<group>";
		};
/* End PBXGroup section */

/* Begin PBXNativeTarget section */
		4B0D3DFB2665128600C0305D /* StorybookTemplate */ = {
			isa = PBXNativeTarget;
			buildConfigurationList = 4B0D3E102665128700C0305D /* Build configuration list for PBXNativeTarget "StorybookTemplate" */;
			buildPhases = (
				0900808C3EC8EC4C19CAE740 /* [CP] Check Pods Manifest.lock */,
				4B0D3DF82665128600C0305D /* Sources */,
				4B0D3DF92665128600C0305D /* Frameworks */,
				4B0D3DFA2665128600C0305D /* Resources */,
				8B3C88534A60F8F91178EB31 /* [CP] Embed Pods Frameworks */,
			);
			buildRules = (
			);
			dependencies = (
			);
			name = StorybookTemplate;
			productName = StorybookTemplate;
			productReference = 4B0D3DFC2665128600C0305D /* StorybookTemplate.app */;
			productType = "com.apple.product-type.application";
		};
/* End PBXNativeTarget section */

/* Begin PBXProject section */
		4B0D3DF42665128600C0305D /* Project object */ = {
			isa = PBXProject;
			attributes = {
				LastSwiftUpdateCheck = 1250;
				LastUpgradeCheck = 1250;
				TargetAttributes = {
					4B0D3DFB2665128600C0305D = {
						CreatedOnToolsVersion = 12.5;
					};
				};
			};
			buildConfigurationList = 4B0D3DF72665128600C0305D /* Build configuration list for PBXProject "StorybookTemplate" */;
			compatibilityVersion = "Xcode 9.3";
			developmentRegion = en;
			hasScannedForEncodings = 0;
			knownRegions = (
				en,
				Base,
			);
			mainGroup = 4B0D3DF32665128600C0305D;
			productRefGroup = 4B0D3DFD2665128600C0305D /* Products */;
			projectDirPath = "";
			projectRoot = "";
			targets = (
				4B0D3DFB2665128600C0305D /* StorybookTemplate */,
			);
		};
/* End PBXProject section */

/* Begin PBXResourcesBuildPhase section */
		4B0D3DFA2665128600C0305D /* Resources */ = {
			isa = PBXResourcesBuildPhase;
			buildActionMask = 2147483647;
			files = (
				4B0D3E0C2665128700C0305D /* LaunchScreen.storyboard in Resources */,
				4B0D3E092665128700C0305D /* Assets.xcassets in Resources */,
			);
			runOnlyForDeploymentPostprocessing = 0;
		};
/* End PBXResourcesBuildPhase section */

/* Begin PBXShellScriptBuildPhase section */
		0900808C3EC8EC4C19CAE740 /* [CP] Check Pods Manifest.lock */ = {
			isa = PBXShellScriptBuildPhase;
			buildActionMask = 2147483647;
			files = (
			);
			inputFileListPaths = (
			);
			inputPaths = (
				"${PODS_PODFILE_DIR_PATH}/Podfile.lock",
				"${PODS_ROOT}/Manifest.lock",
			);
			name = "[CP] Check Pods Manifest.lock";
			outputFileListPaths = (
			);
			outputPaths = (
				"$(DERIVED_FILE_DIR)/Pods-StorybookTemplate-checkManifestLockResult.txt",
			);
			runOnlyForDeploymentPostprocessing = 0;
			shellPath = /bin/sh;
			shellScript = "diff \"${PODS_PODFILE_DIR_PATH}/Podfile.lock\" \"${PODS_ROOT}/Manifest.lock\" > /dev/null\nif [ $? != 0 ] ; then\n    # print error to STDERR\n    echo \"error: The sandbox is not in sync with the Podfile.lock. Run 'pod install' or update your CocoaPods installation.\" >&2\n    exit 1\nfi\n# This output is used by Xcode 'outputs' to avoid re-running this script phase.\necho \"SUCCESS\" > \"${SCRIPT_OUTPUT_FILE_0}\"\n";
			showEnvVarsInLog = 0;
		};
		8B3C88534A60F8F91178EB31 /* [CP] Embed Pods Frameworks */ = {
			isa = PBXShellScriptBuildPhase;
			buildActionMask = 2147483647;
			files = (
			);
			inputFileListPaths = (
				"${PODS_ROOT}/Target Support Files/Pods-StorybookTemplate/Pods-StorybookTemplate-frameworks-${CONFIGURATION}-input-files.xcfilelist",
			);
			name = "[CP] Embed Pods Frameworks";
			outputFileListPaths = (
				"${PODS_ROOT}/Target Support Files/Pods-StorybookTemplate/Pods-StorybookTemplate-frameworks-${CONFIGURATION}-output-files.xcfilelist",
			);
			runOnlyForDeploymentPostprocessing = 0;
			shellPath = /bin/sh;
			shellScript = "\"${PODS_ROOT}/Target Support Files/Pods-StorybookTemplate/Pods-StorybookTemplate-frameworks.sh\"\n";
			showEnvVarsInLog = 0;
		};
/* End PBXShellScriptBuildPhase section */

/* Begin PBXSourcesBuildPhase section */
		4B0D3DF82665128600C0305D /* Sources */ = {
			isa = PBXSourcesBuildPhase;
			buildActionMask = 2147483647;
			files = (
				4B0D3E142665134300C0305D /* RootContainerViewController.swift in Sources */,
				4B0D3E002665128600C0305D /* AppDelegate.swift in Sources */,
				4B0D3E162665135400C0305D /* Book.swift in Sources */,
			);
			runOnlyForDeploymentPostprocessing = 0;
		};
/* End PBXSourcesBuildPhase section */

/* Begin PBXVariantGroup section */
		4B0D3E0A2665128700C0305D /* LaunchScreen.storyboard */ = {
			isa = PBXVariantGroup;
			children = (
				4B0D3E0B2665128700C0305D /* Base */,
			);
			name = LaunchScreen.storyboard;
			sourceTree = "<group>";
		};
/* End PBXVariantGroup section */

/* Begin XCBuildConfiguration section */
		4B0D3E0E2665128700C0305D /* Debug */ = {
			isa = XCBuildConfiguration;
			buildSettings = {
				ALWAYS_SEARCH_USER_PATHS = NO;
				CLANG_ANALYZER_NONNULL = YES;
				CLANG_ANALYZER_NUMBER_OBJECT_CONVERSION = YES_AGGRESSIVE;
				CLANG_CXX_LANGUAGE_STANDARD = "gnu++14";
				CLANG_CXX_LIBRARY = "libc++";
				CLANG_ENABLE_MODULES = YES;
				CLANG_ENABLE_OBJC_ARC = YES;
				CLANG_ENABLE_OBJC_WEAK = YES;
				CLANG_WARN_BLOCK_CAPTURE_AUTORELEASING = YES;
				CLANG_WARN_BOOL_CONVERSION = YES;
				CLANG_WARN_COMMA = YES;
				CLANG_WARN_CONSTANT_CONVERSION = YES;
				CLANG_WARN_DEPRECATED_OBJC_IMPLEMENTATIONS = YES;
				CLANG_WARN_DIRECT_OBJC_ISA_USAGE = YES_ERROR;
				CLANG_WARN_DOCUMENTATION_COMMENTS = YES;
				CLANG_WARN_EMPTY_BODY = YES;
				CLANG_WARN_ENUM_CONVERSION = YES;
				CLANG_WARN_INFINITE_RECURSION = YES;
				CLANG_WARN_INT_CONVERSION = YES;
				CLANG_WARN_NON_LITERAL_NULL_CONVERSION = YES;
				CLANG_WARN_OBJC_IMPLICIT_RETAIN_SELF = YES;
				CLANG_WARN_OBJC_LITERAL_CONVERSION = YES;
				CLANG_WARN_OBJC_ROOT_CLASS = YES_ERROR;
				CLANG_WARN_QUOTED_INCLUDE_IN_FRAMEWORK_HEADER = YES;
				CLANG_WARN_RANGE_LOOP_ANALYSIS = YES;
				CLANG_WARN_STRICT_PROTOTYPES = YES;
				CLANG_WARN_SUSPICIOUS_MOVE = YES;
				CLANG_WARN_UNGUARDED_AVAILABILITY = YES_AGGRESSIVE;
				CLANG_WARN_UNREACHABLE_CODE = YES;
				CLANG_WARN__DUPLICATE_METHOD_MATCH = YES;
				COPY_PHASE_STRIP = NO;
				DEBUG_INFORMATION_FORMAT = dwarf;
				ENABLE_STRICT_OBJC_MSGSEND = YES;
				ENABLE_TESTABILITY = YES;
				GCC_C_LANGUAGE_STANDARD = gnu11;
				GCC_DYNAMIC_NO_PIC = NO;
				GCC_NO_COMMON_BLOCKS = YES;
				GCC_OPTIMIZATION_LEVEL = 0;
				GCC_PREPROCESSOR_DEFINITIONS = (
					"DEBUG=1",
					"$(inherited)",
				);
				GCC_WARN_64_TO_32_BIT_CONVERSION = YES;
				GCC_WARN_ABOUT_RETURN_TYPE = YES_ERROR;
				GCC_WARN_UNDECLARED_SELECTOR = YES;
				GCC_WARN_UNINITIALIZED_AUTOS = YES_AGGRESSIVE;
				GCC_WARN_UNUSED_FUNCTION = YES;
				GCC_WARN_UNUSED_VARIABLE = YES;
				IPHONEOS_DEPLOYMENT_TARGET = 14.5;
				MTL_ENABLE_DEBUG_INFO = INCLUDE_SOURCE;
				MTL_FAST_MATH = YES;
				ONLY_ACTIVE_ARCH = YES;
				SDKROOT = iphoneos;
				SWIFT_ACTIVE_COMPILATION_CONDITIONS = DEBUG;
				SWIFT_OPTIMIZATION_LEVEL = "-Onone";
			};
			name = Debug;
		};
		4B0D3E0F2665128700C0305D /* Release */ = {
			isa = XCBuildConfiguration;
			buildSettings = {
				ALWAYS_SEARCH_USER_PATHS = NO;
				CLANG_ANALYZER_NONNULL = YES;
				CLANG_ANALYZER_NUMBER_OBJECT_CONVERSION = YES_AGGRESSIVE;
				CLANG_CXX_LANGUAGE_STANDARD = "gnu++14";
				CLANG_CXX_LIBRARY = "libc++";
				CLANG_ENABLE_MODULES = YES;
				CLANG_ENABLE_OBJC_ARC = YES;
				CLANG_ENABLE_OBJC_WEAK = YES;
				CLANG_WARN_BLOCK_CAPTURE_AUTORELEASING = YES;
				CLANG_WARN_BOOL_CONVERSION = YES;
				CLANG_WARN_COMMA = YES;
				CLANG_WARN_CONSTANT_CONVERSION = YES;
				CLANG_WARN_DEPRECATED_OBJC_IMPLEMENTATIONS = YES;
				CLANG_WARN_DIRECT_OBJC_ISA_USAGE = YES_ERROR;
				CLANG_WARN_DOCUMENTATION_COMMENTS = YES;
				CLANG_WARN_EMPTY_BODY = YES;
				CLANG_WARN_ENUM_CONVERSION = YES;
				CLANG_WARN_INFINITE_RECURSION = YES;
				CLANG_WARN_INT_CONVERSION = YES;
				CLANG_WARN_NON_LITERAL_NULL_CONVERSION = YES;
				CLANG_WARN_OBJC_IMPLICIT_RETAIN_SELF = YES;
				CLANG_WARN_OBJC_LITERAL_CONVERSION = YES;
				CLANG_WARN_OBJC_ROOT_CLASS = YES_ERROR;
				CLANG_WARN_QUOTED_INCLUDE_IN_FRAMEWORK_HEADER = YES;
				CLANG_WARN_RANGE_LOOP_ANALYSIS = YES;
				CLANG_WARN_STRICT_PROTOTYPES = YES;
				CLANG_WARN_SUSPICIOUS_MOVE = YES;
				CLANG_WARN_UNGUARDED_AVAILABILITY = YES_AGGRESSIVE;
				CLANG_WARN_UNREACHABLE_CODE = YES;
				CLANG_WARN__DUPLICATE_METHOD_MATCH = YES;
				COPY_PHASE_STRIP = NO;
				DEBUG_INFORMATION_FORMAT = "dwarf-with-dsym";
				ENABLE_NS_ASSERTIONS = NO;
				ENABLE_STRICT_OBJC_MSGSEND = YES;
				GCC_C_LANGUAGE_STANDARD = gnu11;
				GCC_NO_COMMON_BLOCKS = YES;
				GCC_WARN_64_TO_32_BIT_CONVERSION = YES;
				GCC_WARN_ABOUT_RETURN_TYPE = YES_ERROR;
				GCC_WARN_UNDECLARED_SELECTOR = YES;
				GCC_WARN_UNINITIALIZED_AUTOS = YES_AGGRESSIVE;
				GCC_WARN_UNUSED_FUNCTION = YES;
				GCC_WARN_UNUSED_VARIABLE = YES;
				IPHONEOS_DEPLOYMENT_TARGET = 14.5;
				MTL_ENABLE_DEBUG_INFO = NO;
				MTL_FAST_MATH = YES;
				SDKROOT = iphoneos;
				SWIFT_COMPILATION_MODE = wholemodule;
				SWIFT_OPTIMIZATION_LEVEL = "-O";
				VALIDATE_PRODUCT = YES;
			};
			name = Release;
		};
		4B0D3E112665128700C0305D /* Debug */ = {
			isa = XCBuildConfiguration;
			baseConfigurationReference = FBB37B1A3DCDB128F9819485 /* Pods-StorybookTemplate.debug.xcconfig */;
			buildSettings = {
				ASSETCATALOG_COMPILER_APPICON_NAME = AppIcon;
				ASSETCATALOG_COMPILER_GLOBAL_ACCENT_COLOR_NAME = AccentColor;
				CODE_SIGN_STYLE = Automatic;
				INFOPLIST_FILE = StorybookTemplate/Info.plist;
				IPHONEOS_DEPLOYMENT_TARGET = 11.0;
				LD_RUNPATH_SEARCH_PATHS = (
					"$(inherited)",
					"@executable_path/Frameworks",
				);
				PRODUCT_BUNDLE_IDENTIFIER = app.muukii.StorybookTemplate;
				PRODUCT_NAME = "$(TARGET_NAME)";
				SWIFT_VERSION = 5.0;
				TARGETED_DEVICE_FAMILY = "1,2";
			};
			name = Debug;
		};
		4B0D3E122665128700C0305D /* Release */ = {
			isa = XCBuildConfiguration;
			baseConfigurationReference = C5D634E9E7F81850E59DCA5C /* Pods-StorybookTemplate.release.xcconfig */;
			buildSettings = {
				ASSETCATALOG_COMPILER_APPICON_NAME = AppIcon;
				ASSETCATALOG_COMPILER_GLOBAL_ACCENT_COLOR_NAME = AccentColor;
				CODE_SIGN_STYLE = Automatic;
				INFOPLIST_FILE = StorybookTemplate/Info.plist;
				IPHONEOS_DEPLOYMENT_TARGET = 11.0;
				LD_RUNPATH_SEARCH_PATHS = (
					"$(inherited)",
					"@executable_path/Frameworks",
				);
				PRODUCT_BUNDLE_IDENTIFIER = app.muukii.StorybookTemplate;
				PRODUCT_NAME = "$(TARGET_NAME)";
				SWIFT_VERSION = 5.0;
				TARGETED_DEVICE_FAMILY = "1,2";
			};
			name = Release;
		};
/* End XCBuildConfiguration section */

/* Begin XCConfigurationList section */
		4B0D3DF72665128600C0305D /* Build configuration list for PBXProject "StorybookTemplate" */ = {
			isa = XCConfigurationList;
			buildConfigurations = (
				4B0D3E0E2665128700C0305D /* Debug */,
				4B0D3E0F2665128700C0305D /* Release */,
			);
			defaultConfigurationIsVisible = 0;
			defaultConfigurationName = Release;
		};
		4B0D3E102665128700C0305D /* Build configuration list for PBXNativeTarget "StorybookTemplate" */ = {
			isa = XCConfigurationList;
			buildConfigurations = (
				4B0D3E112665128700C0305D /* Debug */,
				4B0D3E122665128700C0305D /* Release */,
			);
			defaultConfigurationIsVisible = 0;
			defaultConfigurationName = Release;
		};
/* End XCConfigurationList section */
	};
	rootObject = 4B0D3DF42665128600C0305D /* Project object */;
}
